
Microsoft Visual Studio Solution File, Format Version 12.00
# Visual Studio Version 17
VisualStudioVersion = 17.8.34330.188
MinimumVisualStudioVersion = 10.0.40219.1
Project("{FAE04EC0-301F-11D3-BF4B-00C04F79EFBC}") = "ASB_Notification", "ASB_Notification\ASB_Notification.csproj", "{B4760C9A-7C17-4B14-863F-C3F1998ED75B}"
EndProject
Global
	GlobalSection(SolutionConfigurationPlatforms) = preSolution
		Debug|Any CPU = Debug|Any CPU
		Release|Any CPU = Release|Any CPU
	EndGlobalSection
	GlobalSection(ProjectConfigurationPlatforms) = postSolution
		{B4760C9A-7C17-4B14-863F-C3F1998ED75B}.Debug|Any CPU.ActiveCfg = Debug|Any CPU
		{B4760C9A-7C17-4B14-863F-C3F1998ED75B}.Debug|Any CPU.Build.0 = Debug|Any CPU
		{B4760C9A-7C17-4B14-863F-C3F1998ED75B}.Release|Any CPU.ActiveCfg = Release|Any CPU
		{B4760C9A-7C17-4B14-863F-C3F1998ED75B}.Release|Any CPU.Build.0 = Release|Any CPU
	EndGlobalSection
	GlobalSection(SolutionProperties) = preSolution
		HideSolutionNode = FALSE
	EndGlobalSection
	GlobalSection(ExtensibilityGlobals) = postSolution
		SolutionGuid = {6658D191-FFC6-4F5E-8E63-EC5485781AAE}
	EndGlobalSection
EndGlobal
